{
    "_readme": [
        "This file locks the dependencies of your project to a known state",
        "Read more about it at https://getcomposer.org/doc/01-basic-usage.md#composer-lock-the-lock-file",
        "This file is @generated automatically"
    ],
    "hash": "b04d42d92435b3efa167bb4eb4c3cd55",
    "content-hash": "63a1376244c44b1bcfbb05f026ff142d",
    "packages": [
        {
            "name": "psr/log",
            "version": "1.0.0",
            "source": {
                "type": "git",
                "url": "https://github.com/php-fig/log.git",
                "reference": "fe0936ee26643249e916849d48e3a51d5f5e278b"
            },
            "dist": {
                "type": "zip",
                "url": "https://api.github.com/repos/php-fig/log/zipball/fe0936ee26643249e916849d48e3a51d5f5e278b",
                "reference": "fe0936ee26643249e916849d48e3a51d5f5e278b",
                "shasum": ""
            },
            "type": "library",
            "autoload": {
                "psr-0": {
                    "Psr\\Log\\": ""
                }
            },
            "notification-url": "https://packagist.org/downloads/",
            "license": [
                "MIT"
            ],
            "authors": [
                {
                    "name": "PHP-FIG",
                    "homepage": "http://www.php-fig.org/"
                }
            ],
            "description": "Common interface for logging libraries",
            "keywords": [
                "log",
                "psr",
                "psr-3"
            ],
            "time": "2012-12-21 11:40:51"
        }
    ],
    "packages-dev": [
        {
            "name": "bartlett/monolog-callbackfilterhandler",
            "version": "1.0.0",
            "source": {
                "type": "git",
                "url": "https://github.com/llaville/monolog-callbackfilterhandler.git",
                "reference": "8ada2b01b48e8f06e578ccba9d5c867a2420cba7"
            },
            "dist": {
                "type": "zip",
                "url": "https://api.github.com/repos/llaville/monolog-callbackfilterhandler/zipball/8ada2b01b48e8f06e578ccba9d5c867a2420cba7",
                "reference": "8ada2b01b48e8f06e578ccba9d5c867a2420cba7",
                "shasum": ""
            },
            "require": {
                "monolog/monolog": "~1.10",
                "php": ">=5.3.0"
            },
            "type": "library",
            "autoload": {
                "psr-4": {
                    "Bartlett\\": "src/Bartlett"
                }
            },
            "notification-url": "https://packagist.org/downloads/",
            "license": [
                "BSD-3-Clause"
            ],
            "authors": [
                {
                    "name": "Laurent Laville",
                    "email": "pear@laurent-laville.org",
                    "homepage": "https://github.com/llaville",
                    "role": "Lead"
                }
            ],
            "description": "Monolog handler wrapper that filters records based on a list of callback functions",
            "homepage": "http://php5.laurent-laville.org/callbackfilterhandler/",
            "keywords": [
                "handler",
                "log",
                "logger",
                "logging"
            ],
            "time": "2015-04-21 11:26:29"
        },
        {
            "name": "bartlett/monolog-growlhandler",
            "version": "1.0.0",
            "source": {
                "type": "git",
                "url": "https://github.com/llaville/monolog-growlhandler.git",
                "reference": "b6371bcba38096b292f944385e5696d5cd516378"
            },
            "dist": {
                "type": "zip",
                "url": "https://api.github.com/repos/llaville/monolog-growlhandler/zipball/b6371bcba38096b292f944385e5696d5cd516378",
                "reference": "b6371bcba38096b292f944385e5696d5cd516378",
                "shasum": ""
            },
            "require": {
                "monolog/monolog": "~1.10",
                "pear-pear.php.net/net_growl": "~2.7",
                "php": ">=5.3.0"
            },
            "require-dev": {
                "bartlett/monolog-callbackfilterhandler": "~1.0",
                "bartlett/phpunit-loggertestlistener": "~1.5"
            },
            "suggest": {
                "bartlett/monolog-callbackfilterhandler": "Advanced filtering strategies for Monolog",
                "bartlett/phpunit-loggertestlistener": "Allow logging unit tests to your favorite PSR-3 logger interface"
            },
            "type": "library",
            "autoload": {
                "psr-4": {
                    "Bartlett\\": "src/Bartlett"
                }
            },
            "notification-url": "https://packagist.org/downloads/",
            "license": [
                "BSD-3-Clause"
            ],
            "authors": [
                {
                    "name": "Laurent Laville",
                    "email": "pear@laurent-laville.org",
                    "homepage": "https://github.com/llaville",
                    "role": "Lead"
                }
            ],
            "description": "Monolog handler that send notifications to Growl on Mac OS X and Windows",
            "homepage": "http://php5.laurent-laville.org/growlhandler/",
            "keywords": [
                "gntp",
                "growl",
                "handler",
                "log",
                "logger",
                "logging",
                "notifications"
            ],
            "time": "2015-05-11 09:24:19"
        },
        {
            "name": "monolog/monolog",
            "version": "1.17.2",
            "source": {
                "type": "git",
                "url": "https://github.com/Seldaek/monolog.git",
                "reference": "bee7f0dc9c3e0b69a6039697533dca1e845c8c24"
            },
            "dist": {
                "type": "zip",
                "url": "https://api.github.com/repos/Seldaek/monolog/zipball/bee7f0dc9c3e0b69a6039697533dca1e845c8c24",
                "reference": "bee7f0dc9c3e0b69a6039697533dca1e845c8c24",
                "shasum": ""
            },
            "require": {
                "php": ">=5.3.0",
                "psr/log": "~1.0"
            },
            "provide": {
                "psr/log-implementation": "1.0.0"
            },
            "require-dev": {
                "aws/aws-sdk-php": "^2.4.9",
                "doctrine/couchdb": "~1.0@dev",
                "graylog2/gelf-php": "~1.0",
                "jakub-onderka/php-parallel-lint": "0.9",
                "php-console/php-console": "^3.1.3",
                "phpunit/phpunit": "~4.5",
                "phpunit/phpunit-mock-objects": "2.3.0",
                "raven/raven": "^0.13",
                "ruflin/elastica": ">=0.90 <3.0",
                "swiftmailer/swiftmailer": "~5.3",
                "videlalvaro/php-amqplib": "~2.4"
            },
            "suggest": {
                "aws/aws-sdk-php": "Allow sending log messages to AWS services like DynamoDB",
                "doctrine/couchdb": "Allow sending log messages to a CouchDB server",
                "ext-amqp": "Allow sending log messages to an AMQP server (1.0+ required)",
                "ext-mongo": "Allow sending log messages to a MongoDB server",
                "graylog2/gelf-php": "Allow sending log messages to a GrayLog2 server",
                "php-console/php-console": "Allow sending log messages to Google Chrome",
                "raven/raven": "Allow sending log messages to a Sentry server",
                "rollbar/rollbar": "Allow sending log messages to Rollbar",
                "ruflin/elastica": "Allow sending log messages to an Elastic Search server",
                "videlalvaro/php-amqplib": "Allow sending log messages to an AMQP server using php-amqplib"
            },
            "type": "library",
            "extra": {
                "branch-alias": {
                    "dev-master": "1.16.x-dev"
                }
            },
            "autoload": {
                "psr-4": {
                    "Monolog\\": "src/Monolog"
                }
            },
            "notification-url": "https://packagist.org/downloads/",
            "license": [
                "MIT"
            ],
            "authors": [
                {
                    "name": "Jordi Boggiano",
                    "email": "j.boggiano@seld.be",
                    "homepage": "http://seld.be"
                }
            ],
            "description": "Sends your logs to files, sockets, inboxes, databases and various web services",
            "homepage": "http://github.com/Seldaek/monolog",
            "keywords": [
                "log",
                "logging",
                "psr-3"
            ],
            "time": "2015-10-14 12:51:02"
        },
        {
            "name": "pear-pear.php.net/Net_Growl",
            "version": "2.7.0",
            "dist": {
                "type": "file",
                "url": "https://pear.php.net/get/Net_Growl-2.7.0.tgz",
                "reference": null,
                "shasum": null
            },
            "require": {
                "ext-mbstring": "*",
                "ext-pcre": "*",
                "ext-spl": "*",
                "php": ">=5.2.0.0"
            },
            "replace": {
                "pear-pear/net_growl": "== 2.7.0.0"
            },
            "type": "pear-library",
            "autoload": {
                "classmap": [
                    ""
                ]
            },
            "include-path": [
                "/"
            ],
            "license": [
                "BSD License"
            ],
            "description": "Growl is a MACOSX application that listen to notifications sent by\napplications and displays them on the desktop using different display\nstyles. Net_Growl offers the possibility to send notifications to Growl\nfrom your PHP application through network communication using UDP."
        }
    ],
    "aliases": [],
    "minimum-stability": "stable",
    "stability-flags": [],
    "prefer-stable": false,
    "prefer-lowest": false,
    "platform": {
        "php": ">=5.3.0"
    },
    "platform-dev": []
}
